
Microsoft Visual Studio Solution File, Format Version 12.00
# Visual Studio Version 17
VisualStudioVersion = 17.9.34723.18
MinimumVisualStudioVersion = 10.0.40219.1
Project("{FAE04EC0-301F-11D3-BF4B-00C04F79EFBC}") = "InterfazEjemplo", "InterfazEjemplo\InterfazEjemplo.csproj", "{42B519B5-902F-4CEB-AB67-ABB17E72A14B}"
EndProject
Global
	GlobalSection(SolutionConfigurationPlatforms) = preSolution
		Debug|Any CPU = Debug|Any CPU
		Release|Any CPU = Release|Any CPU
	EndGlobalSection
	GlobalSection(ProjectConfigurationPlatforms) = postSolution
		{42B519B5-902F-4CEB-AB67-ABB17E72A14B}.Debug|Any CPU.ActiveCfg = Debug|Any CPU
		{42B519B5-902F-4CEB-AB67-ABB17E72A14B}.Debug|Any CPU.Build.0 = Debug|Any CPU
		{42B519B5-902F-4CEB-AB67-ABB17E72A14B}.Release|Any CPU.ActiveCfg = Release|Any CPU
		{42B519B5-902F-4CEB-AB67-ABB17E72A14B}.Release|Any CPU.Build.0 = Release|Any CPU
	EndGlobalSection
	GlobalSection(SolutionProperties) = preSolution
		HideSolutionNode = FALSE
	EndGlobalSection
	GlobalSection(ExtensibilityGlobals) = postSolution
		SolutionGuid = {D036ACA4-3E24-45C9-AB7F-2DFE2818CA5F}
	EndGlobalSection
EndGlobal
