
Microsoft Visual Studio Solution File, Format Version 12.00
# Visual Studio Version 17
VisualStudioVersion = 17.9.34723.18
MinimumVisualStudioVersion = 10.0.40219.1
Project("{FAE04EC0-301F-11D3-BF4B-00C04F79EFBC}") = "PracticaCodigo", "PracticaCodigo\PracticaCodigo.csproj", "{6C49078C-C3B9-4C59-A997-82561F762295}"
EndProject
Global
	GlobalSection(SolutionConfigurationPlatforms) = preSolution
		Debug|Any CPU = Debug|Any CPU
		Release|Any CPU = Release|Any CPU
	EndGlobalSection
	GlobalSection(ProjectConfigurationPlatforms) = postSolution
		{6C49078C-C3B9-4C59-A997-82561F762295}.Debug|Any CPU.ActiveCfg = Debug|Any CPU
		{6C49078C-C3B9-4C59-A997-82561F762295}.Debug|Any CPU.Build.0 = Debug|Any CPU
		{6C49078C-C3B9-4C59-A997-82561F762295}.Release|Any CPU.ActiveCfg = Release|Any CPU
		{6C49078C-C3B9-4C59-A997-82561F762295}.Release|Any CPU.Build.0 = Release|Any CPU
	EndGlobalSection
	GlobalSection(SolutionProperties) = preSolution
		HideSolutionNode = FALSE
	EndGlobalSection
	GlobalSection(ExtensibilityGlobals) = postSolution
		SolutionGuid = {47446107-773C-4AAE-8A36-7008E39FC845}
	EndGlobalSection
EndGlobal
