
Microsoft Visual Studio Solution File, Format Version 12.00
# Visual Studio Version 17
VisualStudioVersion = 17.9.34723.18
MinimumVisualStudioVersion = 10.0.40219.1
Project("{FAE04EC0-301F-11D3-BF4B-00C04F79EFBC}") = "MayorDosNumeros", "MayorDosNumeros\MayorDosNumeros.csproj", "{C36F0F9D-91DA-487D-8A9E-3E49A068C59C}"
EndProject
Global
	GlobalSection(SolutionConfigurationPlatforms) = preSolution
		Debug|Any CPU = Debug|Any CPU
		Release|Any CPU = Release|Any CPU
	EndGlobalSection
	GlobalSection(ProjectConfigurationPlatforms) = postSolution
		{C36F0F9D-91DA-487D-8A9E-3E49A068C59C}.Debug|Any CPU.ActiveCfg = Debug|Any CPU
		{C36F0F9D-91DA-487D-8A9E-3E49A068C59C}.Debug|Any CPU.Build.0 = Debug|Any CPU
		{C36F0F9D-91DA-487D-8A9E-3E49A068C59C}.Release|Any CPU.ActiveCfg = Release|Any CPU
		{C36F0F9D-91DA-487D-8A9E-3E49A068C59C}.Release|Any CPU.Build.0 = Release|Any CPU
	EndGlobalSection
	GlobalSection(SolutionProperties) = preSolution
		HideSolutionNode = FALSE
	EndGlobalSection
	GlobalSection(ExtensibilityGlobals) = postSolution
		SolutionGuid = {42636FBD-DA98-4A0C-AA3F-0A23CD768116}
	EndGlobalSection
EndGlobal
